// !$*UTF8*$!
{
	archiveVersion = 1;
	classes = {
	};
	objectVersion = 50;
	objects = {

/* Begin PBXBuildFile section */
		11C99CF1521AF3804DC9E2DF /* Pods_ShoppingAssistant.framework in Frameworks */ = {isa = PBXBuildFile; fileRef = 33E35A661E631B08C560F475 /* Pods_ShoppingAssistant.framework */; };
		EE4A77D521285FC3009F3618 /* ItemDataModel.swift in Sources */ = {isa = PBXBuildFile; fileRef = EE4A77D121285FC3009F3618 /* ItemDataModel.swift */; };
		EE4A77D621285FC3009F3618 /* StoresModel.swift in Sources */ = {isa = PBXBuildFile; fileRef = EE4A77D221285FC3009F3618 /* StoresModel.swift */; };
		EE4A77D721285FC3009F3618 /* ProductDetailsDataModel.swift in Sources */ = {isa = PBXBuildFile; fileRef = EE4A77D321285FC3009F3618 /* ProductDetailsDataModel.swift */; };
		EE4A77D821285FC3009F3618 /* StoreDataModel.swift in Sources */ = {isa = PBXBuildFile; fileRef = EE4A77D421285FC3009F3618 /* StoreDataModel.swift */; };
		EE4A77DB2128627D009F3618 /* ProductDetailsViewController.swift in Sources */ = {isa = PBXBuildFile; fileRef = EE4A77DA2128627D009F3618 /* ProductDetailsViewController.swift */; };
		EE4A77DD21289F54009F3618 /* ItemDetailTableViewCell.swift in Sources */ = {isa = PBXBuildFile; fileRef = EE4A77DC21289F54009F3618 /* ItemDetailTableViewCell.swift */; };
		EE4A77DF2129BE12009F3618 /* StoreWebViewController.swift in Sources */ = {isa = PBXBuildFile; fileRef = EE4A77DE2129BE12009F3618 /* StoreWebViewController.swift */; };
		EE945A0D21A0704C00961F69 /* AppleDevice.mlmodel in Sources */ = {isa = PBXBuildFile; fileRef = EE945A0C21A0704C00961F69 /* AppleDevice.mlmodel */; };
		EEF96A9021234E7D00C7A44A /* AppDelegate.swift in Sources */ = {isa = PBXBuildFile; fileRef = EEF96A8F21234E7D00C7A44A /* AppDelegate.swift */; };
		EEF96A9221234E7D00C7A44A /* ViewController.swift in Sources */ = {isa = PBXBuildFile; fileRef = EEF96A9121234E7D00C7A44A /* ViewController.swift */; };
		EEF96A9521234E7D00C7A44A /* Main.storyboard in Resources */ = {isa = PBXBuildFile; fileRef = EEF96A9321234E7D00C7A44A /* Main.storyboard */; };
		EEF96A9721234E7E00C7A44A /* Assets.xcassets in Resources */ = {isa = PBXBuildFile; fileRef = EEF96A9621234E7E00C7A44A /* Assets.xcassets */; };
		EEF96A9A21234E7E00C7A44A /* LaunchScreen.storyboard in Resources */ = {isa = PBXBuildFile; fileRef = EEF96A9821234E7E00C7A44A /* LaunchScreen.storyboard */; };
		EEF96AA221234F0500C7A44A /* ProductDataViewController.swift in Sources */ = {isa = PBXBuildFile; fileRef = EEF96AA121234F0500C7A44A /* ProductDataViewController.swift */; };
		EEF96AA6212436F500C7A44A /* ProductsListViewController.swift in Sources */ = {isa = PBXBuildFile; fileRef = EEF96AA5212436F500C7A44A /* ProductsListViewController.swift */; };
		EEF96AA92124767900C7A44A /* NetworkManager.swift in Sources */ = {isa = PBXBuildFile; fileRef = EEF96AA82124767900C7A44A /* NetworkManager.swift */; };
		EEF96AC22125DF8E00C7A44A /* ProductListDataParser.swift in Sources */ = {isa = PBXBuildFile; fileRef = EEF96AC12125DF8E00C7A44A /* ProductListDataParser.swift */; };
		EEF96AC82125E41600C7A44A /* Meta.swift in Sources */ = {isa = PBXBuildFile; fileRef = EEF96AC32125E41500C7A44A /* Meta.swift */; };
		EEF96AC92125E41600C7A44A /* ProductData.swift in Sources */ = {isa = PBXBuildFile; fileRef = EEF96AC42125E41500C7A44A /* ProductData.swift */; };
		EEF96ACA2125E41600C7A44A /* Filters.swift in Sources */ = {isa = PBXBuildFile; fileRef = EEF96AC52125E41600C7A44A /* Filters.swift */; };
		EEF96ACB2125E41600C7A44A /* Price.swift in Sources */ = {isa = PBXBuildFile; fileRef = EEF96AC62125E41600C7A44A /* Price.swift */; };
		EEF96ACC2125E41600C7A44A /* ProductListDataModel.swift in Sources */ = {isa = PBXBuildFile; fileRef = EEF96AC72125E41600C7A44A /* ProductListDataModel.swift */; };
		EEF96ACF2125EAFB00C7A44A /* SearchedItemTableViewCell.swift in Sources */ = {isa = PBXBuildFile; fileRef = EEF96ACE2125EAFB00C7A44A /* SearchedItemTableViewCell.swift */; };
/* End PBXBuildFile section */

/* Begin PBXFileReference section */
		1C15E59E919D01E39907A5B5 /* Pods-ShoppingAssistant.debug.xcconfig */ = {isa = PBXFileReference; includeInIndex = 1; lastKnownFileType = text.xcconfig; name = "Pods-ShoppingAssistant.debug.xcconfig"; path = "Pods/Target Support Files/Pods-ShoppingAssistant/Pods-ShoppingAssistant.debug.xcconfig"; sourceTree = "<group>"; };
		1C7B4C15C8E69A2C2C31BB01 /* Pods-ShoppingAssistant.release.xcconfig */ = {isa = PBXFileReference; includeInIndex = 1; lastKnownFileType = text.xcconfig; name = "Pods-ShoppingAssistant.release.xcconfig"; path = "Pods/Target Support Files/Pods-ShoppingAssistant/Pods-ShoppingAssistant.release.xcconfig"; sourceTree = "<group>"; };
		33E35A661E631B08C560F475 /* Pods_ShoppingAssistant.framework */ = {isa = PBXFileReference; explicitFileType = wrapper.framework; includeInIndex = 0; path = Pods_ShoppingAssistant.framework; sourceTree = BUILT_PRODUCTS_DIR; };
		EE4A77D121285FC3009F3618 /* ItemDataModel.swift */ = {isa = PBXFileReference; fileEncoding = 4; lastKnownFileType = sourcecode.swift; path = ItemDataModel.swift; sourceTree = "<group>"; };
		EE4A77D221285FC3009F3618 /* StoresModel.swift */ = {isa = PBXFileReference; fileEncoding = 4; lastKnownFileType = sourcecode.swift; path = StoresModel.swift; sourceTree = "<group>"; };
		EE4A77D321285FC3009F3618 /* ProductDetailsDataModel.swift */ = {isa = PBXFileReference; fileEncoding = 4; lastKnownFileType = sourcecode.swift; path = ProductDetailsDataModel.swift; sourceTree = "<group>"; };
		EE4A77D421285FC3009F3618 /* StoreDataModel.swift */ = {isa = PBXFileReference; fileEncoding = 4; lastKnownFileType = sourcecode.swift; path = StoreDataModel.swift; sourceTree = "<group>"; };
		EE4A77DA2128627D009F3618 /* ProductDetailsViewController.swift */ = {isa = PBXFileReference; lastKnownFileType = sourcecode.swift; path = ProductDetailsViewController.swift; sourceTree = "<group>"; };
		EE4A77DC21289F54009F3618 /* ItemDetailTableViewCell.swift */ = {isa = PBXFileReference; lastKnownFileType = sourcecode.swift; path = ItemDetailTableViewCell.swift; sourceTree = "<group>"; };
		EE4A77DE2129BE12009F3618 /* StoreWebViewController.swift */ = {isa = PBXFileReference; lastKnownFileType = sourcecode.swift; path = StoreWebViewController.swift; sourceTree = "<group>"; };
		EE945A0C21A0704C00961F69 /* AppleDevice.mlmodel */ = {isa = PBXFileReference; lastKnownFileType = file.mlmodel; path = AppleDevice.mlmodel; sourceTree = "<group>"; };
		EEF96A8C21234E7D00C7A44A /* ShoppingAssistant.app */ = {isa = PBXFileReference; explicitFileType = wrapper.application; includeInIndex = 0; path = ShoppingAssistant.app; sourceTree = BUILT_PRODUCTS_DIR; };
		EEF96A8F21234E7D00C7A44A /* AppDelegate.swift */ = {isa = PBXFileReference; lastKnownFileType = sourcecode.swift; path = AppDelegate.swift; sourceTree = "<group>"; };
		EEF96A9121234E7D00C7A44A /* ViewController.swift */ = {isa = PBXFileReference; lastKnownFileType = sourcecode.swift; path = ViewController.swift; sourceTree = "<group>"; };
		EEF96A9421234E7D00C7A44A /* Base */ = {isa = PBXFileReference; lastKnownFileType = file.storyboard; name = Base; path = Base.lproj/Main.storyboard; sourceTree = "<group>"; };
		EEF96A9621234E7E00C7A44A /* Assets.xcassets */ = {isa = PBXFileReference; lastKnownFileType = folder.assetcatalog; path = Assets.xcassets; sourceTree = "<group>"; };
		EEF96A9921234E7E00C7A44A /* Base */ = {isa = PBXFileReference; lastKnownFileType = file.storyboard; name = Base; path = Base.lproj/LaunchScreen.storyboard; sourceTree = "<group>"; };
		EEF96A9B21234E7E00C7A44A /* Info.plist */ = {isa = PBXFileReference; lastKnownFileType = text.plist.xml; path = Info.plist; sourceTree = "<group>"; };
		EEF96AA121234F0500C7A44A /* ProductDataViewController.swift */ = {isa = PBXFileReference; lastKnownFileType = sourcecode.swift; path = ProductDataViewController.swift; sourceTree = "<group>"; };
		EEF96AA5212436F500C7A44A /* ProductsListViewController.swift */ = {isa = PBXFileReference; lastKnownFileType = sourcecode.swift; path = ProductsListViewController.swift; sourceTree = "<group>"; };
		EEF96AA82124767900C7A44A /* NetworkManager.swift */ = {isa = PBXFileReference; lastKnownFileType = sourcecode.swift; path = NetworkManager.swift; sourceTree = "<group>"; };
		EEF96AC12125DF8E00C7A44A /* ProductListDataParser.swift */ = {isa = PBXFileReference; lastKnownFileType = sourcecode.swift; path = ProductListDataParser.swift; sourceTree = "<group>"; };
		EEF96AC32125E41500C7A44A /* Meta.swift */ = {isa = PBXFileReference; fileEncoding = 4; lastKnownFileType = sourcecode.swift; path = Meta.swift; sourceTree = "<group>"; };
		EEF96AC42125E41500C7A44A /* ProductData.swift */ = {isa = PBXFileReference; fileEncoding = 4; lastKnownFileType = sourcecode.swift; path = ProductData.swift; sourceTree = "<group>"; };
		EEF96AC52125E41600C7A44A /* Filters.swift */ = {isa = PBXFileReference; fileEncoding = 4; lastKnownFileType = sourcecode.swift; path = Filters.swift; sourceTree = "<group>"; };
		EEF96AC62125E41600C7A44A /* Price.swift */ = {isa = PBXFileReference; fileEncoding = 4; lastKnownFileType = sourcecode.swift; path = Price.swift; sourceTree = "<group>"; };
		EEF96AC72125E41600C7A44A /* ProductListDataModel.swift */ = {isa = PBXFileReference; fileEncoding = 4; lastKnownFileType = sourcecode.swift; path = ProductListDataModel.swift; sourceTree = "<group>"; };
		EEF96ACE2125EAFB00C7A44A /* SearchedItemTableViewCell.swift */ = {isa = PBXFileReference; lastKnownFileType = sourcecode.swift; path = SearchedItemTableViewCell.swift; sourceTree = "<group>"; };
/* End PBXFileReference section */

/* Begin PBXFrameworksBuildPhase section */
		EEF96A8921234E7D00C7A44A /* Frameworks */ = {
			isa = PBXFrameworksBuildPhase;
			buildActionMask = 2147483647;
			files = (
				11C99CF1521AF3804DC9E2DF /* Pods_ShoppingAssistant.framework in Frameworks */,
			);
			runOnlyForDeploymentPostprocessing = 0;
		};
/* End PBXFrameworksBuildPhase section */

/* Begin PBXGroup section */
		8DC49B15C69B2304439C3105 /* Frameworks */ = {
			isa = PBXGroup;
			children = (
				33E35A661E631B08C560F475 /* Pods_ShoppingAssistant.framework */,
			);
			name = Frameworks;
			sourceTree = "<group>";
		};
		AB5AF46E26784C7C11CDC0AB /* Pods */ = {
			isa = PBXGroup;
			children = (
				1C15E59E919D01E39907A5B5 /* Pods-ShoppingAssistant.debug.xcconfig */,
				1C7B4C15C8E69A2C2C31BB01 /* Pods-ShoppingAssistant.release.xcconfig */,
			);
			name = Pods;
			sourceTree = "<group>";
		};
		EE4A77D021285FAF009F3618 /* ProductData */ = {
			isa = PBXGroup;
			children = (
				EE4A77D121285FC3009F3618 /* ItemDataModel.swift */,
				EE4A77D321285FC3009F3618 /* ProductDetailsDataModel.swift */,
				EE4A77D421285FC3009F3618 /* StoreDataModel.swift */,
				EE4A77D221285FC3009F3618 /* StoresModel.swift */,
			);
			path = ProductData;
			sourceTree = "<group>";
		};
		EE4A77D921286262009F3618 /* Product Details */ = {
			isa = PBXGroup;
			children = (
				EE4A77DA2128627D009F3618 /* ProductDetailsViewController.swift */,
				EE4A77DC21289F54009F3618 /* ItemDetailTableViewCell.swift */,
			);
			path = "Product Details";
			sourceTree = "<group>";
		};
		EEF96A8321234E7D00C7A44A = {
			isa = PBXGroup;
			children = (
				EEF96A8E21234E7D00C7A44A /* ShoppingAssistant */,
				EEF96A8D21234E7D00C7A44A /* Products */,
				AB5AF46E26784C7C11CDC0AB /* Pods */,
				8DC49B15C69B2304439C3105 /* Frameworks */,
			);
			sourceTree = "<group>";
		};
		EEF96A8D21234E7D00C7A44A /* Products */ = {
			isa = PBXGroup;
			children = (
				EEF96A8C21234E7D00C7A44A /* ShoppingAssistant.app */,
			);
			name = Products;
			sourceTree = "<group>";
		};
		EEF96A8E21234E7D00C7A44A /* ShoppingAssistant */ = {
			isa = PBXGroup;
			children = (
				EE4A77D921286262009F3618 /* Product Details */,
				EEF96ACD2125EABF00C7A44A /* SearchResult */,
				EEF96AC02125DF7C00C7A44A /* Parser */,
				EEF96AAA21247A3300C7A44A /* Model */,
				EEF96AA72124765E00C7A44A /* Network Handler */,
				EEF96A8F21234E7D00C7A44A /* AppDelegate.swift */,
				EEF96A9121234E7D00C7A44A /* ViewController.swift */,
				EEF96A9321234E7D00C7A44A /* Main.storyboard */,
				EEF96A9621234E7E00C7A44A /* Assets.xcassets */,
				EEF96A9821234E7E00C7A44A /* LaunchScreen.storyboard */,
				EEF96A9B21234E7E00C7A44A /* Info.plist */,
				EEF96AA121234F0500C7A44A /* ProductDataViewController.swift */,
				EE4A77DE2129BE12009F3618 /* StoreWebViewController.swift */,
			);
			path = ShoppingAssistant;
			sourceTree = "<group>";
		};
		EEF96AA72124765E00C7A44A /* Network Handler */ = {
			isa = PBXGroup;
			children = (
				EEF96AA82124767900C7A44A /* NetworkManager.swift */,
			);
			path = "Network Handler";
			sourceTree = "<group>";
		};
		EEF96AAA21247A3300C7A44A /* Model */ = {
			isa = PBXGroup;
			children = (
				EE945A0C21A0704C00961F69 /* AppleDevice.mlmodel */,
				EE4A77D021285FAF009F3618 /* ProductData */,
				EEF96AB52124976100C7A44A /* ProductListings */,
			);
			path = Model;
			sourceTree = "<group>";
		};
		EEF96AB52124976100C7A44A /* ProductListings */ = {
			isa = PBXGroup;
			children = (
				EEF96AC42125E41500C7A44A /* ProductData.swift */,
				EEF96AC52125E41600C7A44A /* Filters.swift */,
				EEF96AC32125E41500C7A44A /* Meta.swift */,
				EEF96AC62125E41600C7A44A /* Price.swift */,
				EEF96AC72125E41600C7A44A /* ProductListDataModel.swift */,
			);
			path = ProductListings;
			sourceTree = "<group>";
		};
		EEF96AC02125DF7C00C7A44A /* Parser */ = {
			isa = PBXGroup;
			children = (
				EEF96AC12125DF8E00C7A44A /* ProductListDataParser.swift */,
			);
			path = Parser;
			sourceTree = "<group>";
		};
		EEF96ACD2125EABF00C7A44A /* SearchResult */ = {
			isa = PBXGroup;
			children = (
				EEF96AA5212436F500C7A44A /* ProductsListViewController.swift */,
				EEF96ACE2125EAFB00C7A44A /* SearchedItemTableViewCell.swift */,
			);
			path = SearchResult;
			sourceTree = "<group>";
		};
/* End PBXGroup section */

/* Begin PBXNativeTarget section */
		EEF96A8B21234E7D00C7A44A /* ShoppingAssistant */ = {
			isa = PBXNativeTarget;
			buildConfigurationList = EEF96A9E21234E7E00C7A44A /* Build configuration list for PBXNativeTarget "ShoppingAssistant" */;
			buildPhases = (
				68C45BBC3D3652EB1A2E117A /* [CP] Check Pods Manifest.lock */,
				EEF96A8821234E7D00C7A44A /* Sources */,
				EEF96A8921234E7D00C7A44A /* Frameworks */,
				EEF96A8A21234E7D00C7A44A /* Resources */,
				D88DB1CDAD6B516B2D8CD293 /* [CP] Embed Pods Frameworks */,
			);
			buildRules = (
			);
			dependencies = (
			);
			name = ShoppingAssistant;
			productName = ShoppingAssistant;
			productReference = EEF96A8C21234E7D00C7A44A /* ShoppingAssistant.app */;
			productType = "com.apple.product-type.application";
		};
/* End PBXNativeTarget section */

/* Begin PBXProject section */
		EEF96A8421234E7D00C7A44A /* Project object */ = {
			isa = PBXProject;
			attributes = {
				LastSwiftUpdateCheck = 0930;
				LastUpgradeCheck = 0930;
				ORGANIZATIONNAME = Shobhit;
				TargetAttributes = {
					EEF96A8B21234E7D00C7A44A = {
						CreatedOnToolsVersion = 9.3.1;
					};
				};
			};
			buildConfigurationList = EEF96A8721234E7D00C7A44A /* Build configuration list for PBXProject "ShoppingAssistant" */;
			compatibilityVersion = "Xcode 9.3";
			developmentRegion = en;
			hasScannedForEncodings = 0;
			knownRegions = (
				en,
				Base,
			);
			mainGroup = EEF96A8321234E7D00C7A44A;
			productRefGroup = EEF96A8D21234E7D00C7A44A /* Products */;
			projectDirPath = "";
			projectRoot = "";
			targets = (
				EEF96A8B21234E7D00C7A44A /* ShoppingAssistant */,
			);
		};
/* End PBXProject section */

/* Begin PBXResourcesBuildPhase section */
		EEF96A8A21234E7D00C7A44A /* Resources */ = {
			isa = PBXResourcesBuildPhase;
			buildActionMask = 2147483647;
			files = (
				EEF96A9A21234E7E00C7A44A /* LaunchScreen.storyboard in Resources */,
				EEF96A9721234E7E00C7A44A /* Assets.xcassets in Resources */,
				EEF96A9521234E7D00C7A44A /* Main.storyboard in Resources */,
			);
			runOnlyForDeploymentPostprocessing = 0;
		};
/* End PBXResourcesBuildPhase section */

/* Begin PBXShellScriptBuildPhase section */
		68C45BBC3D3652EB1A2E117A /* [CP] Check Pods Manifest.lock */ = {
			isa = PBXShellScriptBuildPhase;
			buildActionMask = 2147483647;
			files = (
			);
			inputPaths = (
				"${PODS_PODFILE_DIR_PATH}/Podfile.lock",
				"${PODS_ROOT}/Manifest.lock",
			);
			name = "[CP] Check Pods Manifest.lock";
			outputPaths = (
				"$(DERIVED_FILE_DIR)/Pods-ShoppingAssistant-checkManifestLockResult.txt",
			);
			runOnlyForDeploymentPostprocessing = 0;
			shellPath = /bin/sh;
			shellScript = "diff \"${PODS_PODFILE_DIR_PATH}/Podfile.lock\" \"${PODS_ROOT}/Manifest.lock\" > /dev/null\nif [ $? != 0 ] ; then\n    # print error to STDERR\n    echo \"error: The sandbox is not in sync with the Podfile.lock. Run 'pod install' or update your CocoaPods installation.\" >&2\n    exit 1\nfi\n# This output is used by Xcode 'outputs' to avoid re-running this script phase.\necho \"SUCCESS\" > \"${SCRIPT_OUTPUT_FILE_0}\"\n";
			showEnvVarsInLog = 0;
		};
		D88DB1CDAD6B516B2D8CD293 /* [CP] Embed Pods Frameworks */ = {
			isa = PBXShellScriptBuildPhase;
			buildActionMask = 2147483647;
			files = (
			);
			inputPaths = (
				"${SRCROOT}/Pods/Target Support Files/Pods-ShoppingAssistant/Pods-ShoppingAssistant-frameworks.sh",
				"${BUILT_PRODUCTS_DIR}/Alamofire/Alamofire.framework",
				"${BUILT_PRODUCTS_DIR}/Kingfisher/Kingfisher.framework",
				"${BUILT_PRODUCTS_DIR}/NVActivityIndicatorView/NVActivityIndicatorView.framework",
				"${BUILT_PRODUCTS_DIR}/ObjectMapper/ObjectMapper.framework",
				"${BUILT_PRODUCTS_DIR}/SwiftyJSON/SwiftyJSON.framework",
			);
			name = "[CP] Embed Pods Frameworks";
			outputPaths = (
				"${TARGET_BUILD_DIR}/${FRAMEWORKS_FOLDER_PATH}/Alamofire.framework",
				"${TARGET_BUILD_DIR}/${FRAMEWORKS_FOLDER_PATH}/Kingfisher.framework",
				"${TARGET_BUILD_DIR}/${FRAMEWORKS_FOLDER_PATH}/NVActivityIndicatorView.framework",
				"${TARGET_BUILD_DIR}/${FRAMEWORKS_FOLDER_PATH}/ObjectMapper.framework",
				"${TARGET_BUILD_DIR}/${FRAMEWORKS_FOLDER_PATH}/SwiftyJSON.framework",
			);
			runOnlyForDeploymentPostprocessing = 0;
			shellPath = /bin/sh;
			shellScript = "\"${SRCROOT}/Pods/Target Support Files/Pods-ShoppingAssistant/Pods-ShoppingAssistant-frameworks.sh\"\n";
			showEnvVarsInLog = 0;
		};
/* End PBXShellScriptBuildPhase section */

/* Begin PBXSourcesBuildPhase section */
		EEF96A8821234E7D00C7A44A /* Sources */ = {
			isa = PBXSourcesBuildPhase;
			buildActionMask = 2147483647;
			files = (
				EEF96AC22125DF8E00C7A44A /* ProductListDataParser.swift in Sources */,
				EE4A77DD21289F54009F3618 /* ItemDetailTableViewCell.swift in Sources */,
				EE4A77D721285FC3009F3618 /* ProductDetailsDataModel.swift in Sources */,
				EEF96AA6212436F500C7A44A /* ProductsListViewController.swift in Sources */,
				EEF96A9221234E7D00C7A44A /* ViewController.swift in Sources */,
				EEF96ACB2125E41600C7A44A /* Price.swift in Sources */,
				EEF96AA92124767900C7A44A /* NetworkManager.swift in Sources */,
				EEF96A9021234E7D00C7A44A /* AppDelegate.swift in Sources */,
				EE4A77D821285FC3009F3618 /* StoreDataModel.swift in Sources */,
				EE4A77DF2129BE12009F3618 /* StoreWebViewController.swift in Sources */,
				EEF96AC82125E41600C7A44A /* Meta.swift in Sources */,
				EE4A77DB2128627D009F3618 /* ProductDetailsViewController.swift in Sources */,
				EE4A77D621285FC3009F3618 /* StoresModel.swift in Sources */,
				EEF96ACF2125EAFB00C7A44A /* SearchedItemTableViewCell.swift in Sources */,
				EEF96ACA2125E41600C7A44A /* Filters.swift in Sources */,
				EEF96AA221234F0500C7A44A /* ProductDataViewController.swift in Sources */,
				EEF96AC92125E41600C7A44A /* ProductData.swift in Sources */,
				EE945A0D21A0704C00961F69 /* AppleDevice.mlmodel in Sources */,
				EEF96ACC2125E41600C7A44A /* ProductListDataModel.swift in Sources */,
				EE4A77D521285FC3009F3618 /* ItemDataModel.swift in Sources */,
			);
			runOnlyForDeploymentPostprocessing = 0;
		};
/* End PBXSourcesBuildPhase section */

/* Begin PBXVariantGroup section */
		EEF96A9321234E7D00C7A44A /* Main.storyboard */ = {
			isa = PBXVariantGroup;
			children = (
				EEF96A9421234E7D00C7A44A /* Base */,
			);
			name = Main.storyboard;
			sourceTree = "<group>";
		};
		EEF96A9821234E7E00C7A44A /* LaunchScreen.storyboard */ = {
			isa = PBXVariantGroup;
			children = (
				EEF96A9921234E7E00C7A44A /* Base */,
			);
			name = LaunchScreen.storyboard;
			sourceTree = "<group>";
		};
/* End PBXVariantGroup section */

/* Begin XCBuildConfiguration section */
		EEF96A9C21234E7E00C7A44A /* Debug */ = {
			isa = XCBuildConfiguration;
			buildSettings = {
				ALWAYS_SEARCH_USER_PATHS = NO;
				CLANG_ANALYZER_NONNULL = YES;
				CLANG_ANALYZER_NUMBER_OBJECT_CONVERSION = YES_AGGRESSIVE;
				CLANG_CXX_LANGUAGE_STANDARD = "gnu++14";
				CLANG_CXX_LIBRARY = "libc++";
				CLANG_ENABLE_MODULES = YES;
				CLANG_ENABLE_OBJC_ARC = YES;
				CLANG_ENABLE_OBJC_WEAK = YES;
				CLANG_WARN_BLOCK_CAPTURE_AUTORELEASING = YES;
				CLANG_WARN_BOOL_CONVERSION = YES;
				CLANG_WARN_COMMA = YES;
				CLANG_WARN_CONSTANT_CONVERSION = YES;
				CLANG_WARN_DEPRECATED_OBJC_IMPLEMENTATIONS = YES;
				CLANG_WARN_DIRECT_OBJC_ISA_USAGE = YES_ERROR;
				CLANG_WARN_DOCUMENTATION_COMMENTS = YES;
				CLANG_WARN_EMPTY_BODY = YES;
				CLANG_WARN_ENUM_CONVERSION = YES;
				CLANG_WARN_INFINITE_RECURSION = YES;
				CLANG_WARN_INT_CONVERSION = YES;
				CLANG_WARN_NON_LITERAL_NULL_CONVERSION = YES;
				CLANG_WARN_OBJC_IMPLICIT_RETAIN_SELF = YES;
				CLANG_WARN_OBJC_LITERAL_CONVERSION = YES;
				CLANG_WARN_OBJC_ROOT_CLASS = YES_ERROR;
				CLANG_WARN_RANGE_LOOP_ANALYSIS = YES;
				CLANG_WARN_STRICT_PROTOTYPES = YES;
				CLANG_WARN_SUSPICIOUS_MOVE = YES;
				CLANG_WARN_UNGUARDED_AVAILABILITY = YES_AGGRESSIVE;
				CLANG_WARN_UNREACHABLE_CODE = YES;
				CLANG_WARN__DUPLICATE_METHOD_MATCH = YES;
				CODE_SIGN_IDENTITY = "iPhone Developer";
				COPY_PHASE_STRIP = NO;
				DEBUG_INFORMATION_FORMAT = dwarf;
				ENABLE_STRICT_OBJC_MSGSEND = YES;
				ENABLE_TESTABILITY = YES;
				GCC_C_LANGUAGE_STANDARD = gnu11;
				GCC_DYNAMIC_NO_PIC = NO;
				GCC_NO_COMMON_BLOCKS = YES;
				GCC_OPTIMIZATION_LEVEL = 0;
				GCC_PREPROCESSOR_DEFINITIONS = (
					"DEBUG=1",
					"$(inherited)",
				);
				GCC_WARN_64_TO_32_BIT_CONVERSION = YES;
				GCC_WARN_ABOUT_RETURN_TYPE = YES_ERROR;
				GCC_WARN_UNDECLARED_SELECTOR = YES;
				GCC_WARN_UNINITIALIZED_AUTOS = YES_AGGRESSIVE;
				GCC_WARN_UNUSED_FUNCTION = YES;
				GCC_WARN_UNUSED_VARIABLE = YES;
				IPHONEOS_DEPLOYMENT_TARGET = 11.3;
				MTL_ENABLE_DEBUG_INFO = YES;
				ONLY_ACTIVE_ARCH = YES;
				SDKROOT = iphoneos;
				SWIFT_ACTIVE_COMPILATION_CONDITIONS = DEBUG;
				SWIFT_OPTIMIZATION_LEVEL = "-Onone";
			};
			name = Debug;
		};
		EEF96A9D21234E7E00C7A44A /* Release */ = {
			isa = XCBuildConfiguration;
			buildSettings = {
				ALWAYS_SEARCH_USER_PATHS = NO;
				CLANG_ANALYZER_NONNULL = YES;
				CLANG_ANALYZER_NUMBER_OBJECT_CONVERSION = YES_AGGRESSIVE;
				CLANG_CXX_LANGUAGE_STANDARD = "gnu++14";
				CLANG_CXX_LIBRARY = "libc++";
				CLANG_ENABLE_MODULES = YES;
				CLANG_ENABLE_OBJC_ARC = YES;
				CLANG_ENABLE_OBJC_WEAK = YES;
				CLANG_WARN_BLOCK_CAPTURE_AUTORELEASING = YES;
				CLANG_WARN_BOOL_CONVERSION = YES;
				CLANG_WARN_COMMA = YES;
				CLANG_WARN_CONSTANT_CONVERSION = YES;
				CLANG_WARN_DEPRECATED_OBJC_IMPLEMENTATIONS = YES;
				CLANG_WARN_DIRECT_OBJC_ISA_USAGE = YES_ERROR;
				CLANG_WARN_DOCUMENTATION_COMMENTS = YES;
				CLANG_WARN_EMPTY_BODY = YES;
				CLANG_WARN_ENUM_CONVERSION = YES;
				CLANG_WARN_INFINITE_RECURSION = YES;
				CLANG_WARN_INT_CONVERSION = YES;
				CLANG_WARN_NON_LITERAL_NULL_CONVERSION = YES;
				CLANG_WARN_OBJC_IMPLICIT_RETAIN_SELF = YES;
				CLANG_WARN_OBJC_LITERAL_CONVERSION = YES;
				CLANG_WARN_OBJC_ROOT_CLASS = YES_ERROR;
				CLANG_WARN_RANGE_LOOP_ANALYSIS = YES;
				CLANG_WARN_STRICT_PROTOTYPES = YES;
				CLANG_WARN_SUSPICIOUS_MOVE = YES;
				CLANG_WARN_UNGUARDED_AVAILABILITY = YES_AGGRESSIVE;
				CLANG_WARN_UNREACHABLE_CODE = YES;
				CLANG_WARN__DUPLICATE_METHOD_MATCH = YES;
				CODE_SIGN_IDENTITY = "iPhone Developer";
				COPY_PHASE_STRIP = NO;
				DEBUG_INFORMATION_FORMAT = "dwarf-with-dsym";
				ENABLE_NS_ASSERTIONS = NO;
				ENABLE_STRICT_OBJC_MSGSEND = YES;
				GCC_C_LANGUAGE_STANDARD = gnu11;
				GCC_NO_COMMON_BLOCKS = YES;
				GCC_WARN_64_TO_32_BIT_CONVERSION = YES;
				GCC_WARN_ABOUT_RETURN_TYPE = YES_ERROR;
				GCC_WARN_UNDECLARED_SELECTOR = YES;
				GCC_WARN_UNINITIALIZED_AUTOS = YES_AGGRESSIVE;
				GCC_WARN_UNUSED_FUNCTION = YES;
				GCC_WARN_UNUSED_VARIABLE = YES;
				IPHONEOS_DEPLOYMENT_TARGET = 11.3;
				MTL_ENABLE_DEBUG_INFO = NO;
				SDKROOT = iphoneos;
				SWIFT_COMPILATION_MODE = wholemodule;
				SWIFT_OPTIMIZATION_LEVEL = "-O";
				VALIDATE_PRODUCT = YES;
			};
			name = Release;
		};
		EEF96A9F21234E7E00C7A44A /* Debug */ = {
			isa = XCBuildConfiguration;
			baseConfigurationReference = 1C15E59E919D01E39907A5B5 /* Pods-ShoppingAssistant.debug.xcconfig */;
			buildSettings = {
				ASSETCATALOG_COMPILER_APPICON_NAME = AppIcon;
				CODE_SIGN_STYLE = Automatic;
				INFOPLIST_FILE = ShoppingAssistant/Info.plist;
				LD_RUNPATH_SEARCH_PATHS = (
					"$(inherited)",
					"@executable_path/Frameworks",
				);
				PRODUCT_BUNDLE_IDENTIFIER = com.shots.shobhit.ShoppingAssistant;
				PRODUCT_NAME = "$(TARGET_NAME)";
				SWIFT_VERSION = 4.0;
				TARGETED_DEVICE_FAMILY = "1,2";
			};
			name = Debug;
		};
		EEF96AA021234E7E00C7A44A /* Release */ = {
			isa = XCBuildConfiguration;
			baseConfigurationReference = 1C7B4C15C8E69A2C2C31BB01 /* Pods-ShoppingAssistant.release.xcconfig */;
			buildSettings = {
				ASSETCATALOG_COMPILER_APPICON_NAME = AppIcon;
				CODE_SIGN_STYLE = Automatic;
				INFOPLIST_FILE = ShoppingAssistant/Info.plist;
				LD_RUNPATH_SEARCH_PATHS = (
					"$(inherited)",
					"@executable_path/Frameworks",
				);
				PRODUCT_BUNDLE_IDENTIFIER = com.shots.shobhit.ShoppingAssistant;
				PRODUCT_NAME = "$(TARGET_NAME)";
				SWIFT_VERSION = 4.0;
				TARGETED_DEVICE_FAMILY = "1,2";
			};
			name = Release;
		};
/* End XCBuildConfiguration section */

/* Begin XCConfigurationList section */
		EEF96A8721234E7D00C7A44A /* Build configuration list for PBXProject "ShoppingAssistant" */ = {
			isa = XCConfigurationList;
			buildConfigurations = (
				EEF96A9C21234E7E00C7A44A /* Debug */,
				EEF96A9D21234E7E00C7A44A /* Release */,
			);
			defaultConfigurationIsVisible = 0;
			defaultConfigurationName = Release;
		};
		EEF96A9E21234E7E00C7A44A /* Build configuration list for PBXNativeTarget "ShoppingAssistant" */ = {
			isa = XCConfigurationList;
			buildConfigurations = (
				EEF96A9F21234E7E00C7A44A /* Debug */,
				EEF96AA021234E7E00C7A44A /* Release */,
			);
			defaultConfigurationIsVisible = 0;
			defaultConfigurationName = Release;
		};
/* End XCConfigurationList section */
	};
	rootObject = EEF96A8421234E7D00C7A44A /* Project object */;
}
